
Microsoft Visual Studio Solution File, Format Version 12.00
# Visual Studio Version 16
VisualStudioVersion = 16.0.32106.194
MinimumVisualStudioVersion = 10.0.40219.1
Project("{9A19103F-16F7-4668-BE54-9A1E7A4F7556}") = "Laboratorio5_EDD", "Laboratorio5_EDD\Laboratorio5_EDD.csproj", "{BE6B27BD-3A2E-4FD1-9753-3534287C96AB}"
EndProject
Global
	GlobalSection(SolutionConfigurationPlatforms) = preSolution
		Debug|Any CPU = Debug|Any CPU
		Release|Any CPU = Release|Any CPU
	EndGlobalSection
	GlobalSection(ProjectConfigurationPlatforms) = postSolution
		{BE6B27BD-3A2E-4FD1-9753-3534287C96AB}.Debug|Any CPU.ActiveCfg = Debug|Any CPU
		{BE6B27BD-3A2E-4FD1-9753-3534287C96AB}.Debug|Any CPU.Build.0 = Debug|Any CPU
		{BE6B27BD-3A2E-4FD1-9753-3534287C96AB}.Release|Any CPU.ActiveCfg = Release|Any CPU
		{BE6B27BD-3A2E-4FD1-9753-3534287C96AB}.Release|Any CPU.Build.0 = Release|Any CPU
	EndGlobalSection
	GlobalSection(SolutionProperties) = preSolution
		HideSolutionNode = FALSE
	EndGlobalSection
	GlobalSection(ExtensibilityGlobals) = postSolution
		SolutionGuid = {6FEE0666-3B2D-4F28-89F5-9120837C6D9F}
	EndGlobalSection
EndGlobal
